
Microsoft Visual Studio Solution File, Format Version 12.00
# Visual Studio Version 17
VisualStudioVersion = 17.2.32630.192
MinimumVisualStudioVersion = 10.0.40219.1
Project("{FAE04EC0-301F-11D3-BF4B-00C04F79EFBC}") = "CoffeeApp", "CoffeeApp\CoffeeApp.csproj", "{A514FF45-2737-4F4F-8CE3-3E69B2BB5C06}"
EndProject
Project("{FAE04EC0-301F-11D3-BF4B-00C04F79EFBC}") = "CoffeeApp.Test", "CoffeeApp.Test\CoffeeApp.Test.csproj", "{B4A837DE-97C6-4016-80CE-66280E342963}"
EndProject
Global
	GlobalSection(SolutionConfigurationPlatforms) = preSolution
		Debug|Any CPU = Debug|Any CPU
		Release|Any CPU = Release|Any CPU
	EndGlobalSection
	GlobalSection(ProjectConfigurationPlatforms) = postSolution
		{A514FF45-2737-4F4F-8CE3-3E69B2BB5C06}.Debug|Any CPU.ActiveCfg = Debug|Any CPU
		{A514FF45-2737-4F4F-8CE3-3E69B2BB5C06}.Debug|Any CPU.Build.0 = Debug|Any CPU
		{A514FF45-2737-4F4F-8CE3-3E69B2BB5C06}.Release|Any CPU.ActiveCfg = Release|Any CPU
		{A514FF45-2737-4F4F-8CE3-3E69B2BB5C06}.Release|Any CPU.Build.0 = Release|Any CPU
		{B4A837DE-97C6-4016-80CE-66280E342963}.Debug|Any CPU.ActiveCfg = Debug|Any CPU
		{B4A837DE-97C6-4016-80CE-66280E342963}.Debug|Any CPU.Build.0 = Debug|Any CPU
		{B4A837DE-97C6-4016-80CE-66280E342963}.Release|Any CPU.ActiveCfg = Release|Any CPU
		{B4A837DE-97C6-4016-80CE-66280E342963}.Release|Any CPU.Build.0 = Release|Any CPU
	EndGlobalSection
	GlobalSection(SolutionProperties) = preSolution
		HideSolutionNode = FALSE
	EndGlobalSection
	GlobalSection(ExtensibilityGlobals) = postSolution
		SolutionGuid = {B9B1C72D-243D-45AF-9877-FDC031E1C74B}
	EndGlobalSection
EndGlobal
